
Microsoft Visual Studio Solution File, Format Version 12.00
# Visual Studio Version 16
VisualStudioVersion = 16.0.32002.261
MinimumVisualStudioVersion = 10.0.40219.1
Project("{888888A0-9F3D-457C-B088-3A5042F75D52}") = "Newton's method", "Newton's method.pyproj", "{EB8F36B1-3DE6-434C-8FB6-93DBF25D3795}"
EndProject
Global
	GlobalSection(SolutionConfigurationPlatforms) = preSolution
		Debug|Any CPU = Debug|Any CPU
		Release|Any CPU = Release|Any CPU
	EndGlobalSection
	GlobalSection(ProjectConfigurationPlatforms) = postSolution
		{EB8F36B1-3DE6-434C-8FB6-93DBF25D3795}.Debug|Any CPU.ActiveCfg = Debug|Any CPU
		{EB8F36B1-3DE6-434C-8FB6-93DBF25D3795}.Release|Any CPU.ActiveCfg = Release|Any CPU
	EndGlobalSection
	GlobalSection(SolutionProperties) = preSolution
		HideSolutionNode = FALSE
	EndGlobalSection
	GlobalSection(ExtensibilityGlobals) = postSolution
		SolutionGuid = {5C886FD1-DE5E-4271-BB24-4D48666427CE}
	EndGlobalSection
EndGlobal
